{
  "requires": true,
  "lockfileVersion": 1,
  "dependencies": {
    "hoist-non-react-statics": {
      "version": "2.5.5",
      "resolved": "https://registry.npmjs.org/hoist-non-react-statics/-/hoist-non-react-statics-2.5.5.tgz",
      "integrity": "sha512-rqcy4pJo55FTTLWt+bU8ukscqHeE/e9KWvsOW2b/a3afxQZhwkQdT1rPPCJ0rYXdj4vNcasY8zHTH+jF/qStxw=="
    },
    "immer": {
      "version": "1.5.0",
      "resolved": "https://registry.npmjs.org/immer/-/immer-1.5.0.tgz",
      "integrity": "sha1-HtmxtlNkP+kna7w2N3YTUj6jKjk="
    },
    "js-tokens": {
      "version": "4.0.0",
      "resolved": "https://registry.npmjs.org/js-tokens/-/js-tokens-4.0.0.tgz",
      "integrity": "sha512-RdJUflcE3cUzKiMqQgsCu06FPu9UdIJO0beYbPhHN4k6apgJtifcoCtT9bcxOpYBtpD2kCM6Sbzg4CausW/PKQ=="
    },
    "lodash": {
      "version": "4.17.11",
      "resolved": "https://registry.npmjs.org/lodash/-/lodash-4.17.11.tgz",
      "integrity": "sha512-cQKh8igo5QUhZ7lg38DYWAxMvjSAKG0A8wGSVimP07SIUEK2UO+arSRKbRZWtelMtN5V0Hkwh5ryOto/SshYIg=="
    },
    "loose-envify": {
      "version": "1.4.0",
      "resolved": "https://registry.npmjs.org/loose-envify/-/loose-envify-1.4.0.tgz",
      "integrity": "sha512-lyuxPGr/Wfhrlem2CL/UcnUc1zcqKAImBDzukY7Y5F/yQiNdko6+fRLevlw1HgMySw7f611UIY408EtxRSoK3Q==",
      "requires": {
        "js-tokens": "^3.0.0 || ^4.0.0"
      }
    },
    "object-assign": {
      "version": "4.1.1",
      "resolved": "https://registry.npmjs.org/object-assign/-/object-assign-4.1.1.tgz",
      "integrity": "sha1-IQmtx5ZYh8/AXLvUQsrIv7s2CGM="
    },
    "prop-types": {
      "version": "15.6.2",
      "resolved": "https://registry.npmjs.org/prop-types/-/prop-types-15.6.2.tgz",
      "integrity": "sha512-3pboPvLiWD7dkI3qf3KbUe6hKFKa52w+AE0VCqECtf+QHAKgOL37tTaNCnuX1nAAQ4ZhyP+kYVKf8rLmJ/feDQ==",
      "requires": {
        "loose-envify": "^1.3.1",
        "object-assign": "^4.1.1"
      }
    },
    "react-redux-firebase": {
      "version": "2.2.4",
      "resolved": "https://registry.npmjs.org/react-redux-firebase/-/react-redux-firebase-2.2.4.tgz",
      "integrity": "sha512-PnxqpT3pZxxkoPRcuOOOdP8SeU34a0Ob86sIAM8vNNmQot0aAmSLzErNbLA3IYegNH7FtPgcTnRySU8F91hKQA==",
      "requires": {
        "hoist-non-react-statics": "^2.3.1",
        "lodash": "^4.17.11",
        "prop-types": "^15.6.2"
      }
    },
    "reduce-reducers": {
      "version": "0.4.3",
      "resolved": "https://registry.npmjs.org/reduce-reducers/-/reduce-reducers-0.4.3.tgz",
      "integrity": "sha512-+CNMnI8QhgVMtAt54uQs3kUxC3Sybpa7Y63HR14uGLgI9/QR5ggHvpxwhGGe3wmx5V91YwqQIblN9k5lspAmGw=="
    },
    "redux-firestore": {
      "version": "0.6.0",
      "resolved": "https://registry.npmjs.org/redux-firestore/-/redux-firestore-0.6.0.tgz",
      "integrity": "sha512-OLT8M+Hkkq/I4UeiNUdWQA22gbs79N4mZ8LRnt+bv015H0IgfXiyk148XZAkwcYOVG97lYci34g5vt/iXdX/xQ==",
      "requires": {
        "immer": "1.5.0",
        "lodash": "^4.17.11",
        "reduce-reducers": "0.4.3"
      }
    }
  }
}
